
Microsoft Visual Studio Solution File, Format Version 12.00
# Visual Studio Version 17
VisualStudioVersion = 17.5.33516.290
MinimumVisualStudioVersion = 10.0.40219.1
Project("{FAE04EC0-301F-11D3-BF4B-00C04F79EFBC}") = "MainArgsDemo", "MainArgsDemo.csproj", "{FC86ECD4-2C10-4F6E-BE29-51A1ED66DC1F}"
EndProject
Global
	GlobalSection(SolutionConfigurationPlatforms) = preSolution
		Debug|Any CPU = Debug|Any CPU
		Release|Any CPU = Release|Any CPU
	EndGlobalSection
	GlobalSection(ProjectConfigurationPlatforms) = postSolution
		{FC86ECD4-2C10-4F6E-BE29-51A1ED66DC1F}.Debug|Any CPU.ActiveCfg = Debug|Any CPU
		{FC86ECD4-2C10-4F6E-BE29-51A1ED66DC1F}.Debug|Any CPU.Build.0 = Debug|Any CPU
		{FC86ECD4-2C10-4F6E-BE29-51A1ED66DC1F}.Release|Any CPU.ActiveCfg = Release|Any CPU
		{FC86ECD4-2C10-4F6E-BE29-51A1ED66DC1F}.Release|Any CPU.Build.0 = Release|Any CPU
	EndGlobalSection
	GlobalSection(SolutionProperties) = preSolution
		HideSolutionNode = FALSE
	EndGlobalSection
	GlobalSection(ExtensibilityGlobals) = postSolution
		SolutionGuid = {F9E2B970-4A7F-4B3D-ACE8-FB7E62AFDFE2}
	EndGlobalSection
EndGlobal
