
Microsoft Visual Studio Solution File, Format Version 12.00
# Visual Studio Version 17
VisualStudioVersion = 17.5.33516.290
MinimumVisualStudioVersion = 10.0.40219.1
Project("{FAE04EC0-301F-11D3-BF4B-00C04F79EFBC}") = "ParsingGame2", "ParsingGame2.csproj", "{229D2DC9-10F7-49A9-BBFA-AC39191341CF}"
EndProject
Global
	GlobalSection(SolutionConfigurationPlatforms) = preSolution
		Debug|Any CPU = Debug|Any CPU
		Release|Any CPU = Release|Any CPU
	EndGlobalSection
	GlobalSection(ProjectConfigurationPlatforms) = postSolution
		{229D2DC9-10F7-49A9-BBFA-AC39191341CF}.Debug|Any CPU.ActiveCfg = Debug|Any CPU
		{229D2DC9-10F7-49A9-BBFA-AC39191341CF}.Debug|Any CPU.Build.0 = Debug|Any CPU
		{229D2DC9-10F7-49A9-BBFA-AC39191341CF}.Release|Any CPU.ActiveCfg = Release|Any CPU
		{229D2DC9-10F7-49A9-BBFA-AC39191341CF}.Release|Any CPU.Build.0 = Release|Any CPU
	EndGlobalSection
	GlobalSection(SolutionProperties) = preSolution
		HideSolutionNode = FALSE
	EndGlobalSection
	GlobalSection(ExtensibilityGlobals) = postSolution
		SolutionGuid = {8A7B329A-D3E5-4094-9B2D-E76E7B5E36B2}
	EndGlobalSection
EndGlobal
