
Microsoft Visual Studio Solution File, Format Version 12.00
# Visual Studio Version 17
VisualStudioVersion = 17.5.33516.290
MinimumVisualStudioVersion = 10.0.40219.1
Project("{FAE04EC0-301F-11D3-BF4B-00C04F79EFBC}") = "MathClass", "MathClass.csproj", "{0F60B07E-1A73-49B9-935B-32D737DF42AA}"
EndProject
Global
	GlobalSection(SolutionConfigurationPlatforms) = preSolution
		Debug|Any CPU = Debug|Any CPU
		Release|Any CPU = Release|Any CPU
	EndGlobalSection
	GlobalSection(ProjectConfigurationPlatforms) = postSolution
		{0F60B07E-1A73-49B9-935B-32D737DF42AA}.Debug|Any CPU.ActiveCfg = Debug|Any CPU
		{0F60B07E-1A73-49B9-935B-32D737DF42AA}.Debug|Any CPU.Build.0 = Debug|Any CPU
		{0F60B07E-1A73-49B9-935B-32D737DF42AA}.Release|Any CPU.ActiveCfg = Release|Any CPU
		{0F60B07E-1A73-49B9-935B-32D737DF42AA}.Release|Any CPU.Build.0 = Release|Any CPU
	EndGlobalSection
	GlobalSection(SolutionProperties) = preSolution
		HideSolutionNode = FALSE
	EndGlobalSection
	GlobalSection(ExtensibilityGlobals) = postSolution
		SolutionGuid = {57977076-319A-40B0-B099-C1303BB984EF}
	EndGlobalSection
EndGlobal
