
Microsoft Visual Studio Solution File, Format Version 12.00
# Visual Studio Version 17
VisualStudioVersion = 17.5.33516.290
MinimumVisualStudioVersion = 10.0.40219.1
Project("{FAE04EC0-301F-11D3-BF4B-00C04F79EFBC}") = "NullablesE", "NullablesE.csproj", "{08776C59-5DB7-448E-AF57-1EC893790FA6}"
EndProject
Global
	GlobalSection(SolutionConfigurationPlatforms) = preSolution
		Debug|Any CPU = Debug|Any CPU
		Release|Any CPU = Release|Any CPU
	EndGlobalSection
	GlobalSection(ProjectConfigurationPlatforms) = postSolution
		{08776C59-5DB7-448E-AF57-1EC893790FA6}.Debug|Any CPU.ActiveCfg = Debug|Any CPU
		{08776C59-5DB7-448E-AF57-1EC893790FA6}.Debug|Any CPU.Build.0 = Debug|Any CPU
		{08776C59-5DB7-448E-AF57-1EC893790FA6}.Release|Any CPU.ActiveCfg = Release|Any CPU
		{08776C59-5DB7-448E-AF57-1EC893790FA6}.Release|Any CPU.Build.0 = Release|Any CPU
	EndGlobalSection
	GlobalSection(SolutionProperties) = preSolution
		HideSolutionNode = FALSE
	EndGlobalSection
	GlobalSection(ExtensibilityGlobals) = postSolution
		SolutionGuid = {A52FFA9C-B759-4548-A726-B303CF81CDB3}
	EndGlobalSection
EndGlobal
