
Microsoft Visual Studio Solution File, Format Version 12.00
# Visual Studio Version 17
VisualStudioVersion = 17.5.33516.290
MinimumVisualStudioVersion = 10.0.40219.1
Project("{FAE04EC0-301F-11D3-BF4B-00C04F79EFBC}") = "WPFListBoxDemo", "WPFListBoxDemo.csproj", "{CEA1FA44-FFDE-4413-A852-A7A3C1BB427C}"
EndProject
Global
	GlobalSection(SolutionConfigurationPlatforms) = preSolution
		Debug|Any CPU = Debug|Any CPU
		Release|Any CPU = Release|Any CPU
	EndGlobalSection
	GlobalSection(ProjectConfigurationPlatforms) = postSolution
		{CEA1FA44-FFDE-4413-A852-A7A3C1BB427C}.Debug|Any CPU.ActiveCfg = Debug|Any CPU
		{CEA1FA44-FFDE-4413-A852-A7A3C1BB427C}.Debug|Any CPU.Build.0 = Debug|Any CPU
		{CEA1FA44-FFDE-4413-A852-A7A3C1BB427C}.Release|Any CPU.ActiveCfg = Release|Any CPU
		{CEA1FA44-FFDE-4413-A852-A7A3C1BB427C}.Release|Any CPU.Build.0 = Release|Any CPU
	EndGlobalSection
	GlobalSection(SolutionProperties) = preSolution
		HideSolutionNode = FALSE
	EndGlobalSection
	GlobalSection(ExtensibilityGlobals) = postSolution
		SolutionGuid = {10D7FC41-3744-41B3-ABB1-FF8AE389D122}
	EndGlobalSection
EndGlobal
